
Microsoft Visual Studio Solution File, Format Version 12.00
# Visual Studio 15
VisualStudioVersion = 15.0.27004.2008
MinimumVisualStudioVersion = 10.0.40219.1
Project("{8BC9CEB8-8B4A-11D0-8D11-00A0C91BC942}") = "Homework1", "Homework1\Homework1.vcxproj", "{0E1D76FF-59FA-4FD7-BEDD-EC3DBA1990A4}"
EndProject
Project("{8BC9CEB8-8B4A-11D0-8D11-00A0C91BC942}") = "CS32_Project_1", "..\..\Project1\CS32_Project_1\CS32_Project_1\CS32_Project_1.vcxproj", "{B786D414-5D16-4F3D-AADB-9A28A5BFFE48}"
EndProject
Global
	GlobalSection(SolutionConfigurationPlatforms) = preSolution
		Debug|x64 = Debug|x64
		Debug|x86 = Debug|x86
		Release|x64 = Release|x64
		Release|x86 = Release|x86
	EndGlobalSection
	GlobalSection(ProjectConfigurationPlatforms) = postSolution
		{0E1D76FF-59FA-4FD7-BEDD-EC3DBA1990A4}.Debug|x64.ActiveCfg = Debug|x64
		{0E1D76FF-59FA-4FD7-BEDD-EC3DBA1990A4}.Debug|x64.Build.0 = Debug|x64
		{0E1D76FF-59FA-4FD7-BEDD-EC3DBA1990A4}.Debug|x86.ActiveCfg = Debug|Win32
		{0E1D76FF-59FA-4FD7-BEDD-EC3DBA1990A4}.Debug|x86.Build.0 = Debug|Win32
		{0E1D76FF-59FA-4FD7-BEDD-EC3DBA1990A4}.Release|x64.ActiveCfg = Release|x64
		{0E1D76FF-59FA-4FD7-BEDD-EC3DBA1990A4}.Release|x64.Build.0 = Release|x64
		{0E1D76FF-59FA-4FD7-BEDD-EC3DBA1990A4}.Release|x86.ActiveCfg = Release|Win32
		{0E1D76FF-59FA-4FD7-BEDD-EC3DBA1990A4}.Release|x86.Build.0 = Release|Win32
		{B786D414-5D16-4F3D-AADB-9A28A5BFFE48}.Debug|x64.ActiveCfg = Debug|x64
		{B786D414-5D16-4F3D-AADB-9A28A5BFFE48}.Debug|x64.Build.0 = Debug|x64
		{B786D414-5D16-4F3D-AADB-9A28A5BFFE48}.Debug|x86.ActiveCfg = Debug|Win32
		{B786D414-5D16-4F3D-AADB-9A28A5BFFE48}.Debug|x86.Build.0 = Debug|Win32
		{B786D414-5D16-4F3D-AADB-9A28A5BFFE48}.Release|x64.ActiveCfg = Release|x64
		{B786D414-5D16-4F3D-AADB-9A28A5BFFE48}.Release|x64.Build.0 = Release|x64
		{B786D414-5D16-4F3D-AADB-9A28A5BFFE48}.Release|x86.ActiveCfg = Release|Win32
		{B786D414-5D16-4F3D-AADB-9A28A5BFFE48}.Release|x86.Build.0 = Release|Win32
	EndGlobalSection
	GlobalSection(SolutionProperties) = preSolution
		HideSolutionNode = FALSE
	EndGlobalSection
	GlobalSection(ExtensibilityGlobals) = postSolution
		SolutionGuid = {29BF1290-09BD-444E-AEF8-3889C4BA9579}
	EndGlobalSection
EndGlobal
